uuid: ea3d9fde-bb41-4430-b404-c3c7756782fa
langcode: es
status: true
dependencies: {  }
_core:
  default_config_hash: _pCMU5fiFIhusD-eK3I_2BAZIrFoctN1lcuJfL5mnZY
id: disclaimer_block
label: 'Bloque de descargo de responsabilidad'
revision: 0
description: 'A disclaimer block contains disclaimer and copyright text.'
